
Microsoft Visual Studio Solution File, Format Version 12.00
# Visual Studio Version 17
VisualStudioVersion = 17.7.34031.279
MinimumVisualStudioVersion = 10.0.40219.1
Project("{FAE04EC0-301F-11D3-BF4B-00C04F79EFBC}") = "Lab Soroka 6", "Lab Soroka 6\Lab Soroka 6.csproj", "{C6E038C4-F606-4F4E-BD6D-24C4EC9D9186}"
EndProject
Global
	GlobalSection(SolutionConfigurationPlatforms) = preSolution
		Debug|Any CPU = Debug|Any CPU
		Release|Any CPU = Release|Any CPU
	EndGlobalSection
	GlobalSection(ProjectConfigurationPlatforms) = postSolution
		{C6E038C4-F606-4F4E-BD6D-24C4EC9D9186}.Debug|Any CPU.ActiveCfg = Debug|Any CPU
		{C6E038C4-F606-4F4E-BD6D-24C4EC9D9186}.Debug|Any CPU.Build.0 = Debug|Any CPU
		{C6E038C4-F606-4F4E-BD6D-24C4EC9D9186}.Release|Any CPU.ActiveCfg = Release|Any CPU
		{C6E038C4-F606-4F4E-BD6D-24C4EC9D9186}.Release|Any CPU.Build.0 = Release|Any CPU
	EndGlobalSection
	GlobalSection(SolutionProperties) = preSolution
		HideSolutionNode = FALSE
	EndGlobalSection
	GlobalSection(ExtensibilityGlobals) = postSolution
		SolutionGuid = {CE35303E-7BE2-4DF9-903C-A699C71FFD0D}
	EndGlobalSection
EndGlobal
